
Microsoft Visual Studio Solution File, Format Version 12.00
# Visual Studio Version 17
VisualStudioVersion = 17.0.31903.59
MinimumVisualStudioVersion = 10.0.40219.1
Project("{FAE04EC0-301F-11D3-BF4B-00C04F79EFBC}") = "CustomerApp.Domain", "CustomerApp.Domain\CustomerApp.Domain.csproj", "{B50D2913-77BC-468B-8430-75C0117F0C1C}"
EndProject
Project("{FAE04EC0-301F-11D3-BF4B-00C04F79EFBC}") = "CustomerApp.Domain.Tests", "CustomerApp.Domain.Tests\CustomerApp.Domain.Tests.csproj", "{F64B90B4-5E33-40DE-8A14-855BFF974D39}"
EndProject
Global
	GlobalSection(SolutionConfigurationPlatforms) = preSolution
		Debug|Any CPU = Debug|Any CPU
		Release|Any CPU = Release|Any CPU
	EndGlobalSection
	GlobalSection(SolutionProperties) = preSolution
		HideSolutionNode = FALSE
	EndGlobalSection
	GlobalSection(ProjectConfigurationPlatforms) = postSolution
		{B50D2913-77BC-468B-8430-75C0117F0C1C}.Debug|Any CPU.ActiveCfg = Debug|Any CPU
		{B50D2913-77BC-468B-8430-75C0117F0C1C}.Debug|Any CPU.Build.0 = Debug|Any CPU
		{B50D2913-77BC-468B-8430-75C0117F0C1C}.Release|Any CPU.ActiveCfg = Release|Any CPU
		{B50D2913-77BC-468B-8430-75C0117F0C1C}.Release|Any CPU.Build.0 = Release|Any CPU
		{F64B90B4-5E33-40DE-8A14-855BFF974D39}.Debug|Any CPU.ActiveCfg = Debug|Any CPU
		{F64B90B4-5E33-40DE-8A14-855BFF974D39}.Debug|Any CPU.Build.0 = Debug|Any CPU
		{F64B90B4-5E33-40DE-8A14-855BFF974D39}.Release|Any CPU.ActiveCfg = Release|Any CPU
		{F64B90B4-5E33-40DE-8A14-855BFF974D39}.Release|Any CPU.Build.0 = Release|Any CPU
	EndGlobalSection
EndGlobal
